
Microsoft Visual Studio Solution File, Format Version 12.00
# Visual Studio Version 17
VisualStudioVersion = 17.1.32228.430
MinimumVisualStudioVersion = 10.0.40219.1
Project("{FAE04EC0-301F-11D3-BF4B-00C04F79EFBC}") = "Logical_Programing", "Logical_Programing\Logical_Programing.csproj", "{20359C4A-5A2D-40E4-A187-53AE06771C1C}"
EndProject
Global
	GlobalSection(SolutionConfigurationPlatforms) = preSolution
		Debug|Any CPU = Debug|Any CPU
		Release|Any CPU = Release|Any CPU
	EndGlobalSection
	GlobalSection(ProjectConfigurationPlatforms) = postSolution
		{20359C4A-5A2D-40E4-A187-53AE06771C1C}.Debug|Any CPU.ActiveCfg = Debug|Any CPU
		{20359C4A-5A2D-40E4-A187-53AE06771C1C}.Debug|Any CPU.Build.0 = Debug|Any CPU
		{20359C4A-5A2D-40E4-A187-53AE06771C1C}.Release|Any CPU.ActiveCfg = Release|Any CPU
		{20359C4A-5A2D-40E4-A187-53AE06771C1C}.Release|Any CPU.Build.0 = Release|Any CPU
	EndGlobalSection
	GlobalSection(SolutionProperties) = preSolution
		HideSolutionNode = FALSE
	EndGlobalSection
	GlobalSection(ExtensibilityGlobals) = postSolution
		SolutionGuid = {9A1DC796-A86E-46A0-9AC4-0900F901B0C4}
	EndGlobalSection
EndGlobal
